// !$*UTF8*$!
{
	archiveVersion = 1;
	classes = {
	};
	objectVersion = 50;
	objects = {

/* Begin PBXBuildFile section */
		5F4F387022017244008A6DA6 /* ListViewController.swift in Sources */ = {isa = PBXBuildFile; fileRef = 5F4F386F22017244008A6DA6 /* ListViewController.swift */; };
		5F4F387222017254008A6DA6 /* TableViewCell.swift in Sources */ = {isa = PBXBuildFile; fileRef = 5F4F387122017254008A6DA6 /* TableViewCell.swift */; };
		5FD8454F220056E700F7EA39 /* AppDelegate.swift in Sources */ = {isa = PBXBuildFile; fileRef = 5FD8454E220056E700F7EA39 /* AppDelegate.swift */; };
		5FD84551220056E700F7EA39 /* ViewController.swift in Sources */ = {isa = PBXBuildFile; fileRef = 5FD84550220056E700F7EA39 /* ViewController.swift */; };
		5FD84554220056E700F7EA39 /* Main.storyboard in Resources */ = {isa = PBXBuildFile; fileRef = 5FD84552220056E700F7EA39 /* Main.storyboard */; };
		5FD84557220056E700F7EA39 /* CoreData_iOS.xcdatamodeld in Sources */ = {isa = PBXBuildFile; fileRef = 5FD84555220056E700F7EA39 /* CoreData_iOS.xcdatamodeld */; };
		5FD84559220056E800F7EA39 /* Assets.xcassets in Resources */ = {isa = PBXBuildFile; fileRef = 5FD84558220056E800F7EA39 /* Assets.xcassets */; };
		5FD8455C220056E800F7EA39 /* LaunchScreen.storyboard in Resources */ = {isa = PBXBuildFile; fileRef = 5FD8455A220056E800F7EA39 /* LaunchScreen.storyboard */; };
		5FD84567220056E800F7EA39 /* CoreData_iOSTests.swift in Sources */ = {isa = PBXBuildFile; fileRef = 5FD84566220056E800F7EA39 /* CoreData_iOSTests.swift */; };
		5FD84572220056E800F7EA39 /* CoreData_iOSUITests.swift in Sources */ = {isa = PBXBuildFile; fileRef = 5FD84571220056E800F7EA39 /* CoreData_iOSUITests.swift */; };
		5FD845812200572F00F7EA39 /* Student+CoreDataClass.swift in Sources */ = {isa = PBXBuildFile; fileRef = 5FD8457F2200572F00F7EA39 /* Student+CoreDataClass.swift */; };
		5FD845822200572F00F7EA39 /* Student+CoreDataProperties.swift in Sources */ = {isa = PBXBuildFile; fileRef = 5FD845802200572F00F7EA39 /* Student+CoreDataProperties.swift */; };
		5FD84585220057E800F7EA39 /* CoreData.framework in Frameworks */ = {isa = PBXBuildFile; fileRef = 5FD84584220057E800F7EA39 /* CoreData.framework */; };
		5FD8458722005B3B00F7EA39 /* DatabaseHelper.swift in Sources */ = {isa = PBXBuildFile; fileRef = 5FD8458622005B3B00F7EA39 /* DatabaseHelper.swift */; };
/* End PBXBuildFile section */

/* Begin PBXContainerItemProxy section */
		5FD84563220056E800F7EA39 /* PBXContainerItemProxy */ = {
			isa = PBXContainerItemProxy;
			containerPortal = 5FD84543220056E700F7EA39 /* Project object */;
			proxyType = 1;
			remoteGlobalIDString = 5FD8454A220056E700F7EA39;
			remoteInfo = "CoreData-iOS";
		};
		5FD8456E220056E800F7EA39 /* PBXContainerItemProxy */ = {
			isa = PBXContainerItemProxy;
			containerPortal = 5FD84543220056E700F7EA39 /* Project object */;
			proxyType = 1;
			remoteGlobalIDString = 5FD8454A220056E700F7EA39;
			remoteInfo = "CoreData-iOS";
		};
/* End PBXContainerItemProxy section */

/* Begin PBXFileReference section */
		5F4F386F22017244008A6DA6 /* ListViewController.swift */ = {isa = PBXFileReference; lastKnownFileType = sourcecode.swift; path = ListViewController.swift; sourceTree = "<group>"; };
		5F4F387122017254008A6DA6 /* TableViewCell.swift */ = {isa = PBXFileReference; lastKnownFileType = sourcecode.swift; path = TableViewCell.swift; sourceTree = "<group>"; };
		5FD8454B220056E700F7EA39 /* CoreData-iOS.app */ = {isa = PBXFileReference; explicitFileType = wrapper.application; includeInIndex = 0; path = "CoreData-iOS.app"; sourceTree = BUILT_PRODUCTS_DIR; };
		5FD8454E220056E700F7EA39 /* AppDelegate.swift */ = {isa = PBXFileReference; lastKnownFileType = sourcecode.swift; path = AppDelegate.swift; sourceTree = "<group>"; };
		5FD84550220056E700F7EA39 /* ViewController.swift */ = {isa = PBXFileReference; lastKnownFileType = sourcecode.swift; path = ViewController.swift; sourceTree = "<group>"; };
		5FD84553220056E700F7EA39 /* Base */ = {isa = PBXFileReference; lastKnownFileType = file.storyboard; name = Base; path = Base.lproj/Main.storyboard; sourceTree = "<group>"; };
		5FD84556220056E700F7EA39 /* CoreData_iOS.xcdatamodel */ = {isa = PBXFileReference; lastKnownFileType = wrapper.xcdatamodel; path = CoreData_iOS.xcdatamodel; sourceTree = "<group>"; };
		5FD84558220056E800F7EA39 /* Assets.xcassets */ = {isa = PBXFileReference; lastKnownFileType = folder.assetcatalog; path = Assets.xcassets; sourceTree = "<group>"; };
		5FD8455B220056E800F7EA39 /* Base */ = {isa = PBXFileReference; lastKnownFileType = file.storyboard; name = Base; path = Base.lproj/LaunchScreen.storyboard; sourceTree = "<group>"; };
		5FD8455D220056E800F7EA39 /* Info.plist */ = {isa = PBXFileReference; lastKnownFileType = text.plist.xml; path = Info.plist; sourceTree = "<group>"; };
		5FD84562220056E800F7EA39 /* CoreData-iOSTests.xctest */ = {isa = PBXFileReference; explicitFileType = wrapper.cfbundle; includeInIndex = 0; path = "CoreData-iOSTests.xctest"; sourceTree = BUILT_PRODUCTS_DIR; };
		5FD84566220056E800F7EA39 /* CoreData_iOSTests.swift */ = {isa = PBXFileReference; lastKnownFileType = sourcecode.swift; path = CoreData_iOSTests.swift; sourceTree = "<group>"; };
		5FD84568220056E800F7EA39 /* Info.plist */ = {isa = PBXFileReference; lastKnownFileType = text.plist.xml; path = Info.plist; sourceTree = "<group>"; };
		5FD8456D220056E800F7EA39 /* CoreData-iOSUITests.xctest */ = {isa = PBXFileReference; explicitFileType = wrapper.cfbundle; includeInIndex = 0; path = "CoreData-iOSUITests.xctest"; sourceTree = BUILT_PRODUCTS_DIR; };
		5FD84571220056E800F7EA39 /* CoreData_iOSUITests.swift */ = {isa = PBXFileReference; lastKnownFileType = sourcecode.swift; path = CoreData_iOSUITests.swift; sourceTree = "<group>"; };
		5FD84573220056E800F7EA39 /* Info.plist */ = {isa = PBXFileReference; lastKnownFileType = text.plist.xml; path = Info.plist; sourceTree = "<group>"; };
		5FD8457F2200572F00F7EA39 /* Student+CoreDataClass.swift */ = {isa = PBXFileReference; lastKnownFileType = sourcecode.swift; path = "Student+CoreDataClass.swift"; sourceTree = "<group>"; };
		5FD845802200572F00F7EA39 /* Student+CoreDataProperties.swift */ = {isa = PBXFileReference; lastKnownFileType = sourcecode.swift; path = "Student+CoreDataProperties.swift"; sourceTree = "<group>"; };
		5FD84584220057E800F7EA39 /* CoreData.framework */ = {isa = PBXFileReference; lastKnownFileType = wrapper.framework; name = CoreData.framework; path = System/Library/Frameworks/CoreData.framework; sourceTree = SDKROOT; };
		5FD8458622005B3B00F7EA39 /* DatabaseHelper.swift */ = {isa = PBXFileReference; lastKnownFileType = sourcecode.swift; path = DatabaseHelper.swift; sourceTree = "<group>"; };
/* End PBXFileReference section */

/* Begin PBXFrameworksBuildPhase section */
		5FD84548220056E700F7EA39 /* Frameworks */ = {
			isa = PBXFrameworksBuildPhase;
			buildActionMask = 2147483647;
			files = (
				5FD84585220057E800F7EA39 /* CoreData.framework in Frameworks */,
			);
			runOnlyForDeploymentPostprocessing = 0;
		};
		5FD8455F220056E800F7EA39 /* Frameworks */ = {
			isa = PBXFrameworksBuildPhase;
			buildActionMask = 2147483647;
			files = (
			);
			runOnlyForDeploymentPostprocessing = 0;
		};
		5FD8456A220056E800F7EA39 /* Frameworks */ = {
			isa = PBXFrameworksBuildPhase;
			buildActionMask = 2147483647;
			files = (
			);
			runOnlyForDeploymentPostprocessing = 0;
		};
/* End PBXFrameworksBuildPhase section */

/* Begin PBXGroup section */
		5FD84542220056E700F7EA39 = {
			isa = PBXGroup;
			children = (
				5FD8454D220056E700F7EA39 /* CoreData-iOS */,
				5FD84565220056E800F7EA39 /* CoreData-iOSTests */,
				5FD84570220056E800F7EA39 /* CoreData-iOSUITests */,
				5FD8454C220056E700F7EA39 /* Products */,
				5FD84583220057E800F7EA39 /* Frameworks */,
			);
			sourceTree = "<group>";
		};
		5FD8454C220056E700F7EA39 /* Products */ = {
			isa = PBXGroup;
			children = (
				5FD8454B220056E700F7EA39 /* CoreData-iOS.app */,
				5FD84562220056E800F7EA39 /* CoreData-iOSTests.xctest */,
				5FD8456D220056E800F7EA39 /* CoreData-iOSUITests.xctest */,
			);
			name = Products;
			sourceTree = "<group>";
		};
		5FD8454D220056E700F7EA39 /* CoreData-iOS */ = {
			isa = PBXGroup;
			children = (
				5FD8454E220056E700F7EA39 /* AppDelegate.swift */,
				5FD8457F2200572F00F7EA39 /* Student+CoreDataClass.swift */,
				5FD845802200572F00F7EA39 /* Student+CoreDataProperties.swift */,
				5FD84550220056E700F7EA39 /* ViewController.swift */,
				5FD84552220056E700F7EA39 /* Main.storyboard */,
				5FD84558220056E800F7EA39 /* Assets.xcassets */,
				5FD8455A220056E800F7EA39 /* LaunchScreen.storyboard */,
				5FD8455D220056E800F7EA39 /* Info.plist */,
				5FD84555220056E700F7EA39 /* CoreData_iOS.xcdatamodeld */,
				5FD8458622005B3B00F7EA39 /* DatabaseHelper.swift */,
				5F4F386F22017244008A6DA6 /* ListViewController.swift */,
				5F4F387122017254008A6DA6 /* TableViewCell.swift */,
			);
			path = "CoreData-iOS";
			sourceTree = "<group>";
		};
		5FD84565220056E800F7EA39 /* CoreData-iOSTests */ = {
			isa = PBXGroup;
			children = (
				5FD84566220056E800F7EA39 /* CoreData_iOSTests.swift */,
				5FD84568220056E800F7EA39 /* Info.plist */,
			);
			path = "CoreData-iOSTests";
			sourceTree = "<group>";
		};
		5FD84570220056E800F7EA39 /* CoreData-iOSUITests */ = {
			isa = PBXGroup;
			children = (
				5FD84571220056E800F7EA39 /* CoreData_iOSUITests.swift */,
				5FD84573220056E800F7EA39 /* Info.plist */,
			);
			path = "CoreData-iOSUITests";
			sourceTree = "<group>";
		};
		5FD84583220057E800F7EA39 /* Frameworks */ = {
			isa = PBXGroup;
			children = (
				5FD84584220057E800F7EA39 /* CoreData.framework */,
			);
			name = Frameworks;
			sourceTree = "<group>";
		};
/* End PBXGroup section */

/* Begin PBXNativeTarget section */
		5FD8454A220056E700F7EA39 /* CoreData-iOS */ = {
			isa = PBXNativeTarget;
			buildConfigurationList = 5FD84576220056E800F7EA39 /* Build configuration list for PBXNativeTarget "CoreData-iOS" */;
			buildPhases = (
				5FD84547220056E700F7EA39 /* Sources */,
				5FD84548220056E700F7EA39 /* Frameworks */,
				5FD84549220056E700F7EA39 /* Resources */,
			);
			buildRules = (
			);
			dependencies = (
			);
			name = "CoreData-iOS";
			productName = "CoreData-iOS";
			productReference = 5FD8454B220056E700F7EA39 /* CoreData-iOS.app */;
			productType = "com.apple.product-type.application";
		};
		5FD84561220056E800F7EA39 /* CoreData-iOSTests */ = {
			isa = PBXNativeTarget;
			buildConfigurationList = 5FD84579220056E800F7EA39 /* Build configuration list for PBXNativeTarget "CoreData-iOSTests" */;
			buildPhases = (
				5FD8455E220056E800F7EA39 /* Sources */,
				5FD8455F220056E800F7EA39 /* Frameworks */,
				5FD84560220056E800F7EA39 /* Resources */,
			);
			buildRules = (
			);
			dependencies = (
				5FD84564220056E800F7EA39 /* PBXTargetDependency */,
			);
			name = "CoreData-iOSTests";
			productName = "CoreData-iOSTests";
			productReference = 5FD84562220056E800F7EA39 /* CoreData-iOSTests.xctest */;
			productType = "com.apple.product-type.bundle.unit-test";
		};
		5FD8456C220056E800F7EA39 /* CoreData-iOSUITests */ = {
			isa = PBXNativeTarget;
			buildConfigurationList = 5FD8457C220056E800F7EA39 /* Build configuration list for PBXNativeTarget "CoreData-iOSUITests" */;
			buildPhases = (
				5FD84569220056E800F7EA39 /* Sources */,
				5FD8456A220056E800F7EA39 /* Frameworks */,
				5FD8456B220056E800F7EA39 /* Resources */,
			);
			buildRules = (
			);
			dependencies = (
				5FD8456F220056E800F7EA39 /* PBXTargetDependency */,
			);
			name = "CoreData-iOSUITests";
			productName = "CoreData-iOSUITests";
			productReference = 5FD8456D220056E800F7EA39 /* CoreData-iOSUITests.xctest */;
			productType = "com.apple.product-type.bundle.ui-testing";
		};
/* End PBXNativeTarget section */

/* Begin PBXProject section */
		5FD84543220056E700F7EA39 /* Project object */ = {
			isa = PBXProject;
			attributes = {
				LastSwiftUpdateCheck = 1010;
				LastUpgradeCheck = 1010;
				ORGANIZATIONNAME = "Megavision Technologies";
				TargetAttributes = {
					5FD8454A220056E700F7EA39 = {
						CreatedOnToolsVersion = 10.1;
					};
					5FD84561220056E800F7EA39 = {
						CreatedOnToolsVersion = 10.1;
						TestTargetID = 5FD8454A220056E700F7EA39;
					};
					5FD8456C220056E800F7EA39 = {
						CreatedOnToolsVersion = 10.1;
						TestTargetID = 5FD8454A220056E700F7EA39;
					};
				};
			};
			buildConfigurationList = 5FD84546220056E700F7EA39 /* Build configuration list for PBXProject "CoreData-iOS" */;
			compatibilityVersion = "Xcode 9.3";
			developmentRegion = en;
			hasScannedForEncodings = 0;
			knownRegions = (
				en,
				Base,
			);
			mainGroup = 5FD84542220056E700F7EA39;
			productRefGroup = 5FD8454C220056E700F7EA39 /* Products */;
			projectDirPath = "";
			projectRoot = "";
			targets = (
				5FD8454A220056E700F7EA39 /* CoreData-iOS */,
				5FD84561220056E800F7EA39 /* CoreData-iOSTests */,
				5FD8456C220056E800F7EA39 /* CoreData-iOSUITests */,
			);
		};
/* End PBXProject section */

/* Begin PBXResourcesBuildPhase section */
		5FD84549220056E700F7EA39 /* Resources */ = {
			isa = PBXResourcesBuildPhase;
			buildActionMask = 2147483647;
			files = (
				5FD8455C220056E800F7EA39 /* LaunchScreen.storyboard in Resources */,
				5FD84559220056E800F7EA39 /* Assets.xcassets in Resources */,
				5FD84554220056E700F7EA39 /* Main.storyboard in Resources */,
			);
			runOnlyForDeploymentPostprocessing = 0;
		};
		5FD84560220056E800F7EA39 /* Resources */ = {
			isa = PBXResourcesBuildPhase;
			buildActionMask = 2147483647;
			files = (
			);
			runOnlyForDeploymentPostprocessing = 0;
		};
		5FD8456B220056E800F7EA39 /* Resources */ = {
			isa = PBXResourcesBuildPhase;
			buildActionMask = 2147483647;
			files = (
			);
			runOnlyForDeploymentPostprocessing = 0;
		};
/* End PBXResourcesBuildPhase section */

/* Begin PBXSourcesBuildPhase section */
		5FD84547220056E700F7EA39 /* Sources */ = {
			isa = PBXSourcesBuildPhase;
			buildActionMask = 2147483647;
			files = (
				5FD84551220056E700F7EA39 /* ViewController.swift in Sources */,
				5F4F387222017254008A6DA6 /* TableViewCell.swift in Sources */,
				5FD845812200572F00F7EA39 /* Student+CoreDataClass.swift in Sources */,
				5FD8454F220056E700F7EA39 /* AppDelegate.swift in Sources */,
				5FD84557220056E700F7EA39 /* CoreData_iOS.xcdatamodeld in Sources */,
				5FD8458722005B3B00F7EA39 /* DatabaseHelper.swift in Sources */,
				5FD845822200572F00F7EA39 /* Student+CoreDataProperties.swift in Sources */,
				5F4F387022017244008A6DA6 /* ListViewController.swift in Sources */,
			);
			runOnlyForDeploymentPostprocessing = 0;
		};
		5FD8455E220056E800F7EA39 /* Sources */ = {
			isa = PBXSourcesBuildPhase;
			buildActionMask = 2147483647;
			files = (
				5FD84567220056E800F7EA39 /* CoreData_iOSTests.swift in Sources */,
			);
			runOnlyForDeploymentPostprocessing = 0;
		};
		5FD84569220056E800F7EA39 /* Sources */ = {
			isa = PBXSourcesBuildPhase;
			buildActionMask = 2147483647;
			files = (
				5FD84572220056E800F7EA39 /* CoreData_iOSUITests.swift in Sources */,
			);
			runOnlyForDeploymentPostprocessing = 0;
		};
/* End PBXSourcesBuildPhase section */

/* Begin PBXTargetDependency section */
		5FD84564220056E800F7EA39 /* PBXTargetDependency */ = {
			isa = PBXTargetDependency;
			target = 5FD8454A220056E700F7EA39 /* CoreData-iOS */;
			targetProxy = 5FD84563220056E800F7EA39 /* PBXContainerItemProxy */;
		};
		5FD8456F220056E800F7EA39 /* PBXTargetDependency */ = {
			isa = PBXTargetDependency;
			target = 5FD8454A220056E700F7EA39 /* CoreData-iOS */;
			targetProxy = 5FD8456E220056E800F7EA39 /* PBXContainerItemProxy */;
		};
/* End PBXTargetDependency section */

/* Begin PBXVariantGroup section */
		5FD84552220056E700F7EA39 /* Main.storyboard */ = {
			isa = PBXVariantGroup;
			children = (
				5FD84553220056E700F7EA39 /* Base */,
			);
			name = Main.storyboard;
			sourceTree = "<group>";
		};
		5FD8455A220056E800F7EA39 /* LaunchScreen.storyboard */ = {
			isa = PBXVariantGroup;
			children = (
				5FD8455B220056E800F7EA39 /* Base */,
			);
			name = LaunchScreen.storyboard;
			sourceTree = "<group>";
		};
/* End PBXVariantGroup section */

/* Begin XCBuildConfiguration section */
		5FD84574220056E800F7EA39 /* Debug */ = {
			isa = XCBuildConfiguration;
			buildSettings = {
				ALWAYS_SEARCH_USER_PATHS = NO;
				CLANG_ANALYZER_NONNULL = YES;
				CLANG_ANALYZER_NUMBER_OBJECT_CONVERSION = YES_AGGRESSIVE;
				CLANG_CXX_LANGUAGE_STANDARD = "gnu++14";
				CLANG_CXX_LIBRARY = "libc++";
				CLANG_ENABLE_MODULES = YES;
				CLANG_ENABLE_OBJC_ARC = YES;
				CLANG_ENABLE_OBJC_WEAK = YES;
				CLANG_WARN_BLOCK_CAPTURE_AUTORELEASING = YES;
				CLANG_WARN_BOOL_CONVERSION = YES;
				CLANG_WARN_COMMA = YES;
				CLANG_WARN_CONSTANT_CONVERSION = YES;
				CLANG_WARN_DEPRECATED_OBJC_IMPLEMENTATIONS = YES;
				CLANG_WARN_DIRECT_OBJC_ISA_USAGE = YES_ERROR;
				CLANG_WARN_DOCUMENTATION_COMMENTS = YES;
				CLANG_WARN_EMPTY_BODY = YES;
				CLANG_WARN_ENUM_CONVERSION = YES;
				CLANG_WARN_INFINITE_RECURSION = YES;
				CLANG_WARN_INT_CONVERSION = YES;
				CLANG_WARN_NON_LITERAL_NULL_CONVERSION = YES;
				CLANG_WARN_OBJC_IMPLICIT_RETAIN_SELF = YES;
				CLANG_WARN_OBJC_LITERAL_CONVERSION = YES;
				CLANG_WARN_OBJC_ROOT_CLASS = YES_ERROR;
				CLANG_WARN_RANGE_LOOP_ANALYSIS = YES;
				CLANG_WARN_STRICT_PROTOTYPES = YES;
				CLANG_WARN_SUSPICIOUS_MOVE = YES;
				CLANG_WARN_UNGUARDED_AVAILABILITY = YES_AGGRESSIVE;
				CLANG_WARN_UNREACHABLE_CODE = YES;
				CLANG_WARN__DUPLICATE_METHOD_MATCH = YES;
				CODE_SIGN_IDENTITY = "iPhone Developer";
				COPY_PHASE_STRIP = NO;
				DEBUG_INFORMATION_FORMAT = dwarf;
				ENABLE_STRICT_OBJC_MSGSEND = YES;
				ENABLE_TESTABILITY = YES;
				GCC_C_LANGUAGE_STANDARD = gnu11;
				GCC_DYNAMIC_NO_PIC = NO;
				GCC_NO_COMMON_BLOCKS = YES;
				GCC_OPTIMIZATION_LEVEL = 0;
				GCC_PREPROCESSOR_DEFINITIONS = (
					"DEBUG=1",
					"$(inherited)",
				);
				GCC_WARN_64_TO_32_BIT_CONVERSION = YES;
				GCC_WARN_ABOUT_RETURN_TYPE = YES_ERROR;
				GCC_WARN_UNDECLARED_SELECTOR = YES;
				GCC_WARN_UNINITIALIZED_AUTOS = YES_AGGRESSIVE;
				GCC_WARN_UNUSED_FUNCTION = YES;
				GCC_WARN_UNUSED_VARIABLE = YES;
				IPHONEOS_DEPLOYMENT_TARGET = 12.1;
				MTL_ENABLE_DEBUG_INFO = INCLUDE_SOURCE;
				MTL_FAST_MATH = YES;
				ONLY_ACTIVE_ARCH = YES;
				SDKROOT = iphoneos;
				SWIFT_ACTIVE_COMPILATION_CONDITIONS = DEBUG;
				SWIFT_OPTIMIZATION_LEVEL = "-Onone";
			};
			name = Debug;
		};
		5FD84575220056E800F7EA39 /* Release */ = {
			isa = XCBuildConfiguration;
			buildSettings = {
				ALWAYS_SEARCH_USER_PATHS = NO;
				CLANG_ANALYZER_NONNULL = YES;
				CLANG_ANALYZER_NUMBER_OBJECT_CONVERSION = YES_AGGRESSIVE;
				CLANG_CXX_LANGUAGE_STANDARD = "gnu++14";
				CLANG_CXX_LIBRARY = "libc++";
				CLANG_ENABLE_MODULES = YES;
				CLANG_ENABLE_OBJC_ARC = YES;
				CLANG_ENABLE_OBJC_WEAK = YES;
				CLANG_WARN_BLOCK_CAPTURE_AUTORELEASING = YES;
				CLANG_WARN_BOOL_CONVERSION = YES;
				CLANG_WARN_COMMA = YES;
				CLANG_WARN_CONSTANT_CONVERSION = YES;
				CLANG_WARN_DEPRECATED_OBJC_IMPLEMENTATIONS = YES;
				CLANG_WARN_DIRECT_OBJC_ISA_USAGE = YES_ERROR;
				CLANG_WARN_DOCUMENTATION_COMMENTS = YES;
				CLANG_WARN_EMPTY_BODY = YES;
				CLANG_WARN_ENUM_CONVERSION = YES;
				CLANG_WARN_INFINITE_RECURSION = YES;
				CLANG_WARN_INT_CONVERSION = YES;
				CLANG_WARN_NON_LITERAL_NULL_CONVERSION = YES;
				CLANG_WARN_OBJC_IMPLICIT_RETAIN_SELF = YES;
				CLANG_WARN_OBJC_LITERAL_CONVERSION = YES;
				CLANG_WARN_OBJC_ROOT_CLASS = YES_ERROR;
				CLANG_WARN_RANGE_LOOP_ANALYSIS = YES;
				CLANG_WARN_STRICT_PROTOTYPES = YES;
				CLANG_WARN_SUSPICIOUS_MOVE = YES;
				CLANG_WARN_UNGUARDED_AVAILABILITY = YES_AGGRESSIVE;
				CLANG_WARN_UNREACHABLE_CODE = YES;
				CLANG_WARN__DUPLICATE_METHOD_MATCH = YES;
				CODE_SIGN_IDENTITY = "iPhone Developer";
				COPY_PHASE_STRIP = NO;
				DEBUG_INFORMATION_FORMAT = "dwarf-with-dsym";
				ENABLE_NS_ASSERTIONS = NO;
				ENABLE_STRICT_OBJC_MSGSEND = YES;
				GCC_C_LANGUAGE_STANDARD = gnu11;
				GCC_NO_COMMON_BLOCKS = YES;
				GCC_WARN_64_TO_32_BIT_CONVERSION = YES;
				GCC_WARN_ABOUT_RETURN_TYPE = YES_ERROR;
				GCC_WARN_UNDECLARED_SELECTOR = YES;
				GCC_WARN_UNINITIALIZED_AUTOS = YES_AGGRESSIVE;
				GCC_WARN_UNUSED_FUNCTION = YES;
				GCC_WARN_UNUSED_VARIABLE = YES;
				IPHONEOS_DEPLOYMENT_TARGET = 12.1;
				MTL_ENABLE_DEBUG_INFO = NO;
				MTL_FAST_MATH = YES;
				SDKROOT = iphoneos;
				SWIFT_COMPILATION_MODE = wholemodule;
				SWIFT_OPTIMIZATION_LEVEL = "-O";
				VALIDATE_PRODUCT = YES;
			};
			name = Release;
		};
		5FD84577220056E800F7EA39 /* Debug */ = {
			isa = XCBuildConfiguration;
			buildSettings = {
				ASSETCATALOG_COMPILER_APPICON_NAME = AppIcon;
				CODE_SIGN_STYLE = Automatic;
				DEVELOPMENT_TEAM = 4TGD9D35L7;
				INFOPLIST_FILE = "CoreData-iOS/Info.plist";
				IPHONEOS_DEPLOYMENT_TARGET = 11.2;
				LD_RUNPATH_SEARCH_PATHS = (
					"$(inherited)",
					"@executable_path/Frameworks",
				);
				PRODUCT_BUNDLE_IDENTIFIER = "megavision.CoreData-iOS";
				PRODUCT_NAME = "$(TARGET_NAME)";
				SWIFT_VERSION = 4.2;
				TARGETED_DEVICE_FAMILY = "1,2";
			};
			name = Debug;
		};
		5FD84578220056E800F7EA39 /* Release */ = {
			isa = XCBuildConfiguration;
			buildSettings = {
				ASSETCATALOG_COMPILER_APPICON_NAME = AppIcon;
				CODE_SIGN_STYLE = Automatic;
				DEVELOPMENT_TEAM = 4TGD9D35L7;
				INFOPLIST_FILE = "CoreData-iOS/Info.plist";
				IPHONEOS_DEPLOYMENT_TARGET = 11.2;
				LD_RUNPATH_SEARCH_PATHS = (
					"$(inherited)",
					"@executable_path/Frameworks",
				);
				PRODUCT_BUNDLE_IDENTIFIER = "megavision.CoreData-iOS";
				PRODUCT_NAME = "$(TARGET_NAME)";
				SWIFT_VERSION = 4.2;
				TARGETED_DEVICE_FAMILY = "1,2";
			};
			name = Release;
		};
		5FD8457A220056E800F7EA39 /* Debug */ = {
			isa = XCBuildConfiguration;
			buildSettings = {
				ALWAYS_EMBED_SWIFT_STANDARD_LIBRARIES = YES;
				BUNDLE_LOADER = "$(TEST_HOST)";
				CODE_SIGN_STYLE = Automatic;
				DEVELOPMENT_TEAM = 4TGD9D35L7;
				INFOPLIST_FILE = "CoreData-iOSTests/Info.plist";
				LD_RUNPATH_SEARCH_PATHS = (
					"$(inherited)",
					"@executable_path/Frameworks",
					"@loader_path/Frameworks",
				);
				PRODUCT_BUNDLE_IDENTIFIER = "megavision.CoreData-iOSTests";
				PRODUCT_NAME = "$(TARGET_NAME)";
				SWIFT_VERSION = 4.2;
				TARGETED_DEVICE_FAMILY = "1,2";
				TEST_HOST = "$(BUILT_PRODUCTS_DIR)/CoreData-iOS.app/CoreData-iOS";
			};
			name = Debug;
		};
		5FD8457B220056E800F7EA39 /* Release */ = {
			isa = XCBuildConfiguration;
			buildSettings = {
				ALWAYS_EMBED_SWIFT_STANDARD_LIBRARIES = YES;
				BUNDLE_LOADER = "$(TEST_HOST)";
				CODE_SIGN_STYLE = Automatic;
				DEVELOPMENT_TEAM = 4TGD9D35L7;
				INFOPLIST_FILE = "CoreData-iOSTests/Info.plist";
				LD_RUNPATH_SEARCH_PATHS = (
					"$(inherited)",
					"@executable_path/Frameworks",
					"@loader_path/Frameworks",
				);
				PRODUCT_BUNDLE_IDENTIFIER = "megavision.CoreData-iOSTests";
				PRODUCT_NAME = "$(TARGET_NAME)";
				SWIFT_VERSION = 4.2;
				TARGETED_DEVICE_FAMILY = "1,2";
				TEST_HOST = "$(BUILT_PRODUCTS_DIR)/CoreData-iOS.app/CoreData-iOS";
			};
			name = Release;
		};
		5FD8457D220056E800F7EA39 /* Debug */ = {
			isa = XCBuildConfiguration;
			buildSettings = {
				ALWAYS_EMBED_SWIFT_STANDARD_LIBRARIES = YES;
				CODE_SIGN_STYLE = Automatic;
				DEVELOPMENT_TEAM = 4TGD9D35L7;
				INFOPLIST_FILE = "CoreData-iOSUITests/Info.plist";
				LD_RUNPATH_SEARCH_PATHS = (
					"$(inherited)",
					"@executable_path/Frameworks",
					"@loader_path/Frameworks",
				);
				PRODUCT_BUNDLE_IDENTIFIER = "megavision.CoreData-iOSUITests";
				PRODUCT_NAME = "$(TARGET_NAME)";
				SWIFT_VERSION = 4.2;
				TARGETED_DEVICE_FAMILY = "1,2";
				TEST_TARGET_NAME = "CoreData-iOS";
			};
			name = Debug;
		};
		5FD8457E220056E800F7EA39 /* Release */ = {
			isa = XCBuildConfiguration;
			buildSettings = {
				ALWAYS_EMBED_SWIFT_STANDARD_LIBRARIES = YES;
				CODE_SIGN_STYLE = Automatic;
				DEVELOPMENT_TEAM = 4TGD9D35L7;
				INFOPLIST_FILE = "CoreData-iOSUITests/Info.plist";
				LD_RUNPATH_SEARCH_PATHS = (
					"$(inherited)",
					"@executable_path/Frameworks",
					"@loader_path/Frameworks",
				);
				PRODUCT_BUNDLE_IDENTIFIER = "megavision.CoreData-iOSUITests";
				PRODUCT_NAME = "$(TARGET_NAME)";
				SWIFT_VERSION = 4.2;
				TARGETED_DEVICE_FAMILY = "1,2";
				TEST_TARGET_NAME = "CoreData-iOS";
			};
			name = Release;
		};
/* End XCBuildConfiguration section */

/* Begin XCConfigurationList section */
		5FD84546220056E700F7EA39 /* Build configuration list for PBXProject "CoreData-iOS" */ = {
			isa = XCConfigurationList;
			buildConfigurations = (
				5FD84574220056E800F7EA39 /* Debug */,
				5FD84575220056E800F7EA39 /* Release */,
			);
			defaultConfigurationIsVisible = 0;
			defaultConfigurationName = Release;
		};
		5FD84576220056E800F7EA39 /* Build configuration list for PBXNativeTarget "CoreData-iOS" */ = {
			isa = XCConfigurationList;
			buildConfigurations = (
				5FD84577220056E800F7EA39 /* Debug */,
				5FD84578220056E800F7EA39 /* Release */,
			);
			defaultConfigurationIsVisible = 0;
			defaultConfigurationName = Release;
		};
		5FD84579220056E800F7EA39 /* Build configuration list for PBXNativeTarget "CoreData-iOSTests" */ = {
			isa = XCConfigurationList;
			buildConfigurations = (
				5FD8457A220056E800F7EA39 /* Debug */,
				5FD8457B220056E800F7EA39 /* Release */,
			);
			defaultConfigurationIsVisible = 0;
			defaultConfigurationName = Release;
		};
		5FD8457C220056E800F7EA39 /* Build configuration list for PBXNativeTarget "CoreData-iOSUITests" */ = {
			isa = XCConfigurationList;
			buildConfigurations = (
				5FD8457D220056E800F7EA39 /* Debug */,
				5FD8457E220056E800F7EA39 /* Release */,
			);
			defaultConfigurationIsVisible = 0;
			defaultConfigurationName = Release;
		};
/* End XCConfigurationList section */

/* Begin XCVersionGroup section */
		5FD84555220056E700F7EA39 /* CoreData_iOS.xcdatamodeld */ = {
			isa = XCVersionGroup;
			children = (
				5FD84556220056E700F7EA39 /* CoreData_iOS.xcdatamodel */,
			);
			currentVersion = 5FD84556220056E700F7EA39 /* CoreData_iOS.xcdatamodel */;
			path = CoreData_iOS.xcdatamodeld;
			sourceTree = "<group>";
			versionGroupType = wrapper.xcdatamodel;
		};
/* End XCVersionGroup section */
	};
	rootObject = 5FD84543220056E700F7EA39 /* Project object */;
}
